
Microsoft Visual Studio Solution File, Format Version 12.00
# Visual Studio Version 16
VisualStudioVersion = 16.0.30320.27
MinimumVisualStudioVersion = 10.0.40219.1
Project("{9A19103F-16F7-4668-BE54-9A1E7A4F7556}") = "entity_core", "entity_core.csproj", "{D94C97D8-CF93-4BCF-9ADA-B86449783319}"
EndProject
Global
	GlobalSection(SolutionConfigurationPlatforms) = preSolution
		Debug|Any CPU = Debug|Any CPU
		Release|Any CPU = Release|Any CPU
	EndGlobalSection
	GlobalSection(ProjectConfigurationPlatforms) = postSolution
		{D94C97D8-CF93-4BCF-9ADA-B86449783319}.Debug|Any CPU.ActiveCfg = Debug|Any CPU
		{D94C97D8-CF93-4BCF-9ADA-B86449783319}.Debug|Any CPU.Build.0 = Debug|Any CPU
		{D94C97D8-CF93-4BCF-9ADA-B86449783319}.Release|Any CPU.ActiveCfg = Release|Any CPU
		{D94C97D8-CF93-4BCF-9ADA-B86449783319}.Release|Any CPU.Build.0 = Release|Any CPU
	EndGlobalSection
	GlobalSection(SolutionProperties) = preSolution
		HideSolutionNode = FALSE
	EndGlobalSection
	GlobalSection(ExtensibilityGlobals) = postSolution
		SolutionGuid = {FCB4D4AE-01E7-469B-A174-02E993A30D3E}
	EndGlobalSection
EndGlobal
